// !$*UTF8*$!
{
	archiveVersion = 1;
	classes = {
	};
	objectVersion = 55;
	objects = {

/* Begin PBXBuildFile section */
		97C7362728B61B3E006FC9B5 /* AppDelegate.swift in Sources */ = {isa = PBXBuildFile; fileRef = 97C7362628B61B3E006FC9B5 /* AppDelegate.swift */; };
		97C7362928B61B3E006FC9B5 /* SceneDelegate.swift in Sources */ = {isa = PBXBuildFile; fileRef = 97C7362828B61B3E006FC9B5 /* SceneDelegate.swift */; };
		97C7363028B61B42006FC9B5 /* Assets.xcassets in Resources */ = {isa = PBXBuildFile; fileRef = 97C7362F28B61B42006FC9B5 /* Assets.xcassets */; };
		97C7363328B61B42006FC9B5 /* LaunchScreen.storyboard in Resources */ = {isa = PBXBuildFile; fileRef = 97C7363128B61B42006FC9B5 /* LaunchScreen.storyboard */; };
		97C7363B28B61BD7006FC9B5 /* MainTabBar.swift in Sources */ = {isa = PBXBuildFile; fileRef = 97C7363A28B61BD7006FC9B5 /* MainTabBar.swift */; };
		97C7364428B63849006FC9B5 /* Alamofire in Frameworks */ = {isa = PBXBuildFile; productRef = 97C7364328B63849006FC9B5 /* Alamofire */; };
		97D51D5428B73DF5007167CE /* SearchResponse.swift in Sources */ = {isa = PBXBuildFile; fileRef = 97D51D5328B73DF5007167CE /* SearchResponse.swift */; };
		97D51D5628B744D6007167CE /* NetworkService.swift in Sources */ = {isa = PBXBuildFile; fileRef = 97D51D5528B744D6007167CE /* NetworkService.swift */; };
		97D51D6E28B7516D007167CE /* SearchPresenter.swift in Sources */ = {isa = PBXBuildFile; fileRef = 97D51D6728B7516D007167CE /* SearchPresenter.swift */; };
		97D51D6F28B7516D007167CE /* SearchWorker.swift in Sources */ = {isa = PBXBuildFile; fileRef = 97D51D6828B7516D007167CE /* SearchWorker.swift */; };
		97D51D7028B7516D007167CE /* SearchRouter.swift in Sources */ = {isa = PBXBuildFile; fileRef = 97D51D6928B7516D007167CE /* SearchRouter.swift */; };
		97D51D7128B7516D007167CE /* SearchModels.swift in Sources */ = {isa = PBXBuildFile; fileRef = 97D51D6A28B7516D007167CE /* SearchModels.swift */; };
		97D51D7228B7516D007167CE /* SearchViewController.swift in Sources */ = {isa = PBXBuildFile; fileRef = 97D51D6B28B7516D007167CE /* SearchViewController.swift */; };
		97D51D7328B7516D007167CE /* SearchInteractor.swift in Sources */ = {isa = PBXBuildFile; fileRef = 97D51D6C28B7516D007167CE /* SearchInteractor.swift */; };
		97D51D7628B752B6007167CE /* SearchViewController.storyboard in Resources */ = {isa = PBXBuildFile; fileRef = 97D51D7528B752B6007167CE /* SearchViewController.storyboard */; };
		97D51D7828B754B8007167CE /* UIViewController+Storyboard.swift in Sources */ = {isa = PBXBuildFile; fileRef = 97D51D7728B754B8007167CE /* UIViewController+Storyboard.swift */; };
		97D51D7E28B77565007167CE /* TrackCell.xib in Resources */ = {isa = PBXBuildFile; fileRef = 97D51D7D28B77565007167CE /* TrackCell.xib */; };
		97D51D8028B7757C007167CE /* TrackCell.swift in Sources */ = {isa = PBXBuildFile; fileRef = 97D51D7F28B7757C007167CE /* TrackCell.swift */; };
		97D51D8328B7865E007167CE /* SDWebImage in Frameworks */ = {isa = PBXBuildFile; productRef = 97D51D8228B7865E007167CE /* SDWebImage */; };
		97D51D8628B78910007167CE /* FooterView.swift in Sources */ = {isa = PBXBuildFile; fileRef = 97D51D8528B78910007167CE /* FooterView.swift */; };
		97DE50EA28B8AB2F0025650D /* TrackDetailedView.xib in Resources */ = {isa = PBXBuildFile; fileRef = 97DE50E928B8AB2F0025650D /* TrackDetailedView.xib */; };
		97DE50EC28B8AB400025650D /* TrackDetailedView.swift in Sources */ = {isa = PBXBuildFile; fileRef = 97DE50EB28B8AB400025650D /* TrackDetailedView.swift */; };
		97DE50EE28B8DC8E0025650D /* CMTime+Extension.swift in Sources */ = {isa = PBXBuildFile; fileRef = 97DE50ED28B8DC8E0025650D /* CMTime+Extension.swift */; };
		97DE50F028B8E97B0025650D /* nib.swift in Sources */ = {isa = PBXBuildFile; fileRef = 97DE50EF28B8E97B0025650D /* nib.swift */; };
		97F8217828BA190500007EDD /* Library.swift in Sources */ = {isa = PBXBuildFile; fileRef = 97F8217728BA190500007EDD /* Library.swift */; };
		97F8217A28BA2B3500007EDD /* UserDefaults.swift in Sources */ = {isa = PBXBuildFile; fileRef = 97F8217928BA2B3500007EDD /* UserDefaults.swift */; };
		97F8217D28BA301C00007EDD /* URLImage in Frameworks */ = {isa = PBXBuildFile; productRef = 97F8217C28BA301C00007EDD /* URLImage */; };
/* End PBXBuildFile section */

/* Begin PBXFileReference section */
		97C7362328B61B3E006FC9B5 /* MusicPlayApp.app */ = {isa = PBXFileReference; explicitFileType = wrapper.application; includeInIndex = 0; path = MusicPlayApp.app; sourceTree = BUILT_PRODUCTS_DIR; };
		97C7362628B61B3E006FC9B5 /* AppDelegate.swift */ = {isa = PBXFileReference; lastKnownFileType = sourcecode.swift; path = AppDelegate.swift; sourceTree = "<group>"; };
		97C7362828B61B3E006FC9B5 /* SceneDelegate.swift */ = {isa = PBXFileReference; lastKnownFileType = sourcecode.swift; path = SceneDelegate.swift; sourceTree = "<group>"; };
		97C7362F28B61B42006FC9B5 /* Assets.xcassets */ = {isa = PBXFileReference; lastKnownFileType = folder.assetcatalog; path = Assets.xcassets; sourceTree = "<group>"; };
		97C7363228B61B42006FC9B5 /* Base */ = {isa = PBXFileReference; lastKnownFileType = file.storyboard; name = Base; path = Base.lproj/LaunchScreen.storyboard; sourceTree = "<group>"; };
		97C7363428B61B42006FC9B5 /* Info.plist */ = {isa = PBXFileReference; lastKnownFileType = text.plist.xml; path = Info.plist; sourceTree = "<group>"; };
		97C7363A28B61BD7006FC9B5 /* MainTabBar.swift */ = {isa = PBXFileReference; lastKnownFileType = sourcecode.swift; path = MainTabBar.swift; sourceTree = "<group>"; };
		97D51D5328B73DF5007167CE /* SearchResponse.swift */ = {isa = PBXFileReference; lastKnownFileType = sourcecode.swift; path = SearchResponse.swift; sourceTree = "<group>"; };
		97D51D5528B744D6007167CE /* NetworkService.swift */ = {isa = PBXFileReference; lastKnownFileType = sourcecode.swift; path = NetworkService.swift; sourceTree = "<group>"; };
		97D51D6728B7516D007167CE /* SearchPresenter.swift */ = {isa = PBXFileReference; lastKnownFileType = sourcecode.swift; path = SearchPresenter.swift; sourceTree = "<group>"; };
		97D51D6828B7516D007167CE /* SearchWorker.swift */ = {isa = PBXFileReference; lastKnownFileType = sourcecode.swift; path = SearchWorker.swift; sourceTree = "<group>"; };
		97D51D6928B7516D007167CE /* SearchRouter.swift */ = {isa = PBXFileReference; lastKnownFileType = sourcecode.swift; path = SearchRouter.swift; sourceTree = "<group>"; };
		97D51D6A28B7516D007167CE /* SearchModels.swift */ = {isa = PBXFileReference; lastKnownFileType = sourcecode.swift; path = SearchModels.swift; sourceTree = "<group>"; };
		97D51D6B28B7516D007167CE /* SearchViewController.swift */ = {isa = PBXFileReference; lastKnownFileType = sourcecode.swift; path = SearchViewController.swift; sourceTree = "<group>"; };
		97D51D6C28B7516D007167CE /* SearchInteractor.swift */ = {isa = PBXFileReference; lastKnownFileType = sourcecode.swift; path = SearchInteractor.swift; sourceTree = "<group>"; };
		97D51D7528B752B6007167CE /* SearchViewController.storyboard */ = {isa = PBXFileReference; lastKnownFileType = file.storyboard; path = SearchViewController.storyboard; sourceTree = "<group>"; };
		97D51D7728B754B8007167CE /* UIViewController+Storyboard.swift */ = {isa = PBXFileReference; lastKnownFileType = sourcecode.swift; path = "UIViewController+Storyboard.swift"; sourceTree = "<group>"; };
		97D51D7D28B77565007167CE /* TrackCell.xib */ = {isa = PBXFileReference; lastKnownFileType = file.xib; path = TrackCell.xib; sourceTree = "<group>"; };
		97D51D7F28B7757C007167CE /* TrackCell.swift */ = {isa = PBXFileReference; lastKnownFileType = sourcecode.swift; path = TrackCell.swift; sourceTree = "<group>"; };
		97D51D8528B78910007167CE /* FooterView.swift */ = {isa = PBXFileReference; lastKnownFileType = sourcecode.swift; path = FooterView.swift; sourceTree = "<group>"; };
		97DE50E928B8AB2F0025650D /* TrackDetailedView.xib */ = {isa = PBXFileReference; lastKnownFileType = file.xib; path = TrackDetailedView.xib; sourceTree = "<group>"; };
		97DE50EB28B8AB400025650D /* TrackDetailedView.swift */ = {isa = PBXFileReference; lastKnownFileType = sourcecode.swift; path = TrackDetailedView.swift; sourceTree = "<group>"; };
		97DE50ED28B8DC8E0025650D /* CMTime+Extension.swift */ = {isa = PBXFileReference; lastKnownFileType = sourcecode.swift; path = "CMTime+Extension.swift"; sourceTree = "<group>"; };
		97DE50EF28B8E97B0025650D /* nib.swift */ = {isa = PBXFileReference; lastKnownFileType = sourcecode.swift; path = nib.swift; sourceTree = "<group>"; };
		97F8217728BA190500007EDD /* Library.swift */ = {isa = PBXFileReference; lastKnownFileType = sourcecode.swift; path = Library.swift; sourceTree = "<group>"; };
		97F8217928BA2B3500007EDD /* UserDefaults.swift */ = {isa = PBXFileReference; lastKnownFileType = sourcecode.swift; path = UserDefaults.swift; sourceTree = "<group>"; };
/* End PBXFileReference section */

/* Begin PBXFrameworksBuildPhase section */
		97C7362028B61B3E006FC9B5 /* Frameworks */ = {
			isa = PBXFrameworksBuildPhase;
			buildActionMask = 2147483647;
			files = (
				97D51D8328B7865E007167CE /* SDWebImage in Frameworks */,
				97F8217D28BA301C00007EDD /* URLImage in Frameworks */,
				97C7364428B63849006FC9B5 /* Alamofire in Frameworks */,
			);
			runOnlyForDeploymentPostprocessing = 0;
		};
/* End PBXFrameworksBuildPhase section */

/* Begin PBXGroup section */
		97390E7428BE559800F7CD75 /* Search */ = {
			isa = PBXGroup;
			children = (
				97D51D7528B752B6007167CE /* SearchViewController.storyboard */,
				97D51D6B28B7516D007167CE /* SearchViewController.swift */,
				97D51D6C28B7516D007167CE /* SearchInteractor.swift */,
				97D51D6728B7516D007167CE /* SearchPresenter.swift */,
				97D51D6A28B7516D007167CE /* SearchModels.swift */,
				97D51D6828B7516D007167CE /* SearchWorker.swift */,
				97D51D6928B7516D007167CE /* SearchRouter.swift */,
				97D51D7C28B77546007167CE /* Cell */,
				97D51D8428B78901007167CE /* FooterView */,
			);
			path = Search;
			sourceTree = "<group>";
		};
		97C7361A28B61B3E006FC9B5 = {
			isa = PBXGroup;
			children = (
				97C7362528B61B3E006FC9B5 /* MusicPlayApp */,
				97C7362428B61B3E006FC9B5 /* Products */,
			);
			sourceTree = "<group>";
		};
		97C7362428B61B3E006FC9B5 /* Products */ = {
			isa = PBXGroup;
			children = (
				97C7362328B61B3E006FC9B5 /* MusicPlayApp.app */,
			);
			name = Products;
			sourceTree = "<group>";
		};
		97C7362528B61B3E006FC9B5 /* MusicPlayApp */ = {
			isa = PBXGroup;
			children = (
				97D51D5728B7505F007167CE /* Screens */,
				97D51D7928B754BC007167CE /* Helpers */,
				97D51D6628B75101007167CE /* Services */,
				97C7363D28B61C11006FC9B5 /* Resources */,
				97C7363C28B61BFE006FC9B5 /* Application */,
			);
			path = MusicPlayApp;
			sourceTree = "<group>";
		};
		97C7363C28B61BFE006FC9B5 /* Application */ = {
			isa = PBXGroup;
			children = (
				97C7363128B61B42006FC9B5 /* LaunchScreen.storyboard */,
				97C7362828B61B3E006FC9B5 /* SceneDelegate.swift */,
				97C7362628B61B3E006FC9B5 /* AppDelegate.swift */,
				97C7363428B61B42006FC9B5 /* Info.plist */,
			);
			path = Application;
			sourceTree = "<group>";
		};
		97C7363D28B61C11006FC9B5 /* Resources */ = {
			isa = PBXGroup;
			children = (
				97C7362F28B61B42006FC9B5 /* Assets.xcassets */,
			);
			path = Resources;
			sourceTree = "<group>";
		};
		97D51D5728B7505F007167CE /* Screens */ = {
			isa = PBXGroup;
			children = (
				97C7363A28B61BD7006FC9B5 /* MainTabBar.swift */,
				97F8217728BA190500007EDD /* Library.swift */,
				97390E7428BE559800F7CD75 /* Search */,
				97DE50E828B8AAF70025650D /* TrackDetailedView */,
			);
			path = Screens;
			sourceTree = "<group>";
		};
		97D51D6628B75101007167CE /* Services */ = {
			isa = PBXGroup;
			children = (
				97D51D5328B73DF5007167CE /* SearchResponse.swift */,
				97D51D5528B744D6007167CE /* NetworkService.swift */,
			);
			path = Services;
			sourceTree = "<group>";
		};
		97D51D7928B754BC007167CE /* Helpers */ = {
			isa = PBXGroup;
			children = (
				97D51D7728B754B8007167CE /* UIViewController+Storyboard.swift */,
				97DE50ED28B8DC8E0025650D /* CMTime+Extension.swift */,
				97DE50EF28B8E97B0025650D /* nib.swift */,
			);
			path = Helpers;
			sourceTree = "<group>";
		};
		97D51D7C28B77546007167CE /* Cell */ = {
			isa = PBXGroup;
			children = (
				97D51D7D28B77565007167CE /* TrackCell.xib */,
				97D51D7F28B7757C007167CE /* TrackCell.swift */,
				97F8217928BA2B3500007EDD /* UserDefaults.swift */,
			);
			path = Cell;
			sourceTree = "<group>";
		};
		97D51D8428B78901007167CE /* FooterView */ = {
			isa = PBXGroup;
			children = (
				97D51D8528B78910007167CE /* FooterView.swift */,
			);
			path = FooterView;
			sourceTree = "<group>";
		};
		97DE50E828B8AAF70025650D /* TrackDetailedView */ = {
			isa = PBXGroup;
			children = (
				97DE50E928B8AB2F0025650D /* TrackDetailedView.xib */,
				97DE50EB28B8AB400025650D /* TrackDetailedView.swift */,
			);
			path = TrackDetailedView;
			sourceTree = "<group>";
		};
/* End PBXGroup section */

/* Begin PBXNativeTarget section */
		97C7362228B61B3E006FC9B5 /* MusicPlayApp */ = {
			isa = PBXNativeTarget;
			buildConfigurationList = 97C7363728B61B42006FC9B5 /* Build configuration list for PBXNativeTarget "MusicPlayApp" */;
			buildPhases = (
				97C7361F28B61B3E006FC9B5 /* Sources */,
				97C7362028B61B3E006FC9B5 /* Frameworks */,
				97C7362128B61B3E006FC9B5 /* Resources */,
			);
			buildRules = (
			);
			dependencies = (
			);
			name = MusicPlayApp;
			packageProductDependencies = (
				97C7364328B63849006FC9B5 /* Alamofire */,
				97D51D8228B7865E007167CE /* SDWebImage */,
				97F8217C28BA301C00007EDD /* URLImage */,
			);
			productName = MusicPlayApp;
			productReference = 97C7362328B61B3E006FC9B5 /* MusicPlayApp.app */;
			productType = "com.apple.product-type.application";
		};
/* End PBXNativeTarget section */

/* Begin PBXProject section */
		97C7361B28B61B3E006FC9B5 /* Project object */ = {
			isa = PBXProject;
			attributes = {
				BuildIndependentTargetsInParallel = 1;
				LastSwiftUpdateCheck = 1310;
				LastUpgradeCheck = 1310;
				TargetAttributes = {
					97C7362228B61B3E006FC9B5 = {
						CreatedOnToolsVersion = 13.1;
					};
				};
			};
			buildConfigurationList = 97C7361E28B61B3E006FC9B5 /* Build configuration list for PBXProject "MusicPlayApp" */;
			compatibilityVersion = "Xcode 13.0";
			developmentRegion = en;
			hasScannedForEncodings = 0;
			knownRegions = (
				en,
				Base,
			);
			mainGroup = 97C7361A28B61B3E006FC9B5;
			packageReferences = (
				97C7364228B63849006FC9B5 /* XCRemoteSwiftPackageReference "Alamofire" */,
				97D51D8128B7865E007167CE /* XCRemoteSwiftPackageReference "SDWebImage" */,
				97F8217B28BA301C00007EDD /* XCRemoteSwiftPackageReference "url-image" */,
			);
			productRefGroup = 97C7362428B61B3E006FC9B5 /* Products */;
			projectDirPath = "";
			projectRoot = "";
			targets = (
				97C7362228B61B3E006FC9B5 /* MusicPlayApp */,
			);
		};
/* End PBXProject section */

/* Begin PBXResourcesBuildPhase section */
		97C7362128B61B3E006FC9B5 /* Resources */ = {
			isa = PBXResourcesBuildPhase;
			buildActionMask = 2147483647;
			files = (
				97DE50EA28B8AB2F0025650D /* TrackDetailedView.xib in Resources */,
				97C7363328B61B42006FC9B5 /* LaunchScreen.storyboard in Resources */,
				97C7363028B61B42006FC9B5 /* Assets.xcassets in Resources */,
				97D51D7628B752B6007167CE /* SearchViewController.storyboard in Resources */,
				97D51D7E28B77565007167CE /* TrackCell.xib in Resources */,
			);
			runOnlyForDeploymentPostprocessing = 0;
		};
/* End PBXResourcesBuildPhase section */

/* Begin PBXSourcesBuildPhase section */
		97C7361F28B61B3E006FC9B5 /* Sources */ = {
			isa = PBXSourcesBuildPhase;
			buildActionMask = 2147483647;
			files = (
				97DE50F028B8E97B0025650D /* nib.swift in Sources */,
				97C7363B28B61BD7006FC9B5 /* MainTabBar.swift in Sources */,
				97D51D5428B73DF5007167CE /* SearchResponse.swift in Sources */,
				97DE50EC28B8AB400025650D /* TrackDetailedView.swift in Sources */,
				97F8217A28BA2B3500007EDD /* UserDefaults.swift in Sources */,
				97DE50EE28B8DC8E0025650D /* CMTime+Extension.swift in Sources */,
				97D51D7328B7516D007167CE /* SearchInteractor.swift in Sources */,
				97D51D8628B78910007167CE /* FooterView.swift in Sources */,
				97D51D8028B7757C007167CE /* TrackCell.swift in Sources */,
				97C7362728B61B3E006FC9B5 /* AppDelegate.swift in Sources */,
				97D51D6F28B7516D007167CE /* SearchWorker.swift in Sources */,
				97D51D7228B7516D007167CE /* SearchViewController.swift in Sources */,
				97D51D7028B7516D007167CE /* SearchRouter.swift in Sources */,
				97D51D7128B7516D007167CE /* SearchModels.swift in Sources */,
				97C7362928B61B3E006FC9B5 /* SceneDelegate.swift in Sources */,
				97D51D6E28B7516D007167CE /* SearchPresenter.swift in Sources */,
				97F8217828BA190500007EDD /* Library.swift in Sources */,
				97D51D5628B744D6007167CE /* NetworkService.swift in Sources */,
				97D51D7828B754B8007167CE /* UIViewController+Storyboard.swift in Sources */,
			);
			runOnlyForDeploymentPostprocessing = 0;
		};
/* End PBXSourcesBuildPhase section */

/* Begin PBXVariantGroup section */
		97C7363128B61B42006FC9B5 /* LaunchScreen.storyboard */ = {
			isa = PBXVariantGroup;
			children = (
				97C7363228B61B42006FC9B5 /* Base */,
			);
			name = LaunchScreen.storyboard;
			sourceTree = "<group>";
		};
/* End PBXVariantGroup section */

/* Begin XCBuildConfiguration section */
		97C7363528B61B42006FC9B5 /* Debug */ = {
			isa = XCBuildConfiguration;
			buildSettings = {
				ALWAYS_SEARCH_USER_PATHS = NO;
				CLANG_ANALYZER_NONNULL = YES;
				CLANG_ANALYZER_NUMBER_OBJECT_CONVERSION = YES_AGGRESSIVE;
				CLANG_CXX_LANGUAGE_STANDARD = "gnu++17";
				CLANG_CXX_LIBRARY = "libc++";
				CLANG_ENABLE_MODULES = YES;
				CLANG_ENABLE_OBJC_ARC = YES;
				CLANG_ENABLE_OBJC_WEAK = YES;
				CLANG_WARN_BLOCK_CAPTURE_AUTORELEASING = YES;
				CLANG_WARN_BOOL_CONVERSION = YES;
				CLANG_WARN_COMMA = YES;
				CLANG_WARN_CONSTANT_CONVERSION = YES;
				CLANG_WARN_DEPRECATED_OBJC_IMPLEMENTATIONS = YES;
				CLANG_WARN_DIRECT_OBJC_ISA_USAGE = YES_ERROR;
				CLANG_WARN_DOCUMENTATION_COMMENTS = YES;
				CLANG_WARN_EMPTY_BODY = YES;
				CLANG_WARN_ENUM_CONVERSION = YES;
				CLANG_WARN_INFINITE_RECURSION = YES;
				CLANG_WARN_INT_CONVERSION = YES;
				CLANG_WARN_NON_LITERAL_NULL_CONVERSION = YES;
				CLANG_WARN_OBJC_IMPLICIT_RETAIN_SELF = YES;
				CLANG_WARN_OBJC_LITERAL_CONVERSION = YES;
				CLANG_WARN_OBJC_ROOT_CLASS = YES_ERROR;
				CLANG_WARN_QUOTED_INCLUDE_IN_FRAMEWORK_HEADER = YES;
				CLANG_WARN_RANGE_LOOP_ANALYSIS = YES;
				CLANG_WARN_STRICT_PROTOTYPES = YES;
				CLANG_WARN_SUSPICIOUS_MOVE = YES;
				CLANG_WARN_UNGUARDED_AVAILABILITY = YES_AGGRESSIVE;
				CLANG_WARN_UNREACHABLE_CODE = YES;
				CLANG_WARN__DUPLICATE_METHOD_MATCH = YES;
				COPY_PHASE_STRIP = NO;
				DEBUG_INFORMATION_FORMAT = dwarf;
				ENABLE_STRICT_OBJC_MSGSEND = YES;
				ENABLE_TESTABILITY = YES;
				GCC_C_LANGUAGE_STANDARD = gnu11;
				GCC_DYNAMIC_NO_PIC = NO;
				GCC_NO_COMMON_BLOCKS = YES;
				GCC_OPTIMIZATION_LEVEL = 0;
				GCC_PREPROCESSOR_DEFINITIONS = (
					"DEBUG=1",
					"$(inherited)",
				);
				GCC_WARN_64_TO_32_BIT_CONVERSION = YES;
				GCC_WARN_ABOUT_RETURN_TYPE = YES_ERROR;
				GCC_WARN_UNDECLARED_SELECTOR = YES;
				GCC_WARN_UNINITIALIZED_AUTOS = YES_AGGRESSIVE;
				GCC_WARN_UNUSED_FUNCTION = YES;
				GCC_WARN_UNUSED_VARIABLE = YES;
				IPHONEOS_DEPLOYMENT_TARGET = 13.0;
				MTL_ENABLE_DEBUG_INFO = INCLUDE_SOURCE;
				MTL_FAST_MATH = YES;
				ONLY_ACTIVE_ARCH = YES;
				SDKROOT = iphoneos;
				SWIFT_ACTIVE_COMPILATION_CONDITIONS = DEBUG;
				SWIFT_OPTIMIZATION_LEVEL = "-Onone";
			};
			name = Debug;
		};
		97C7363628B61B42006FC9B5 /* Release */ = {
			isa = XCBuildConfiguration;
			buildSettings = {
				ALWAYS_SEARCH_USER_PATHS = NO;
				CLANG_ANALYZER_NONNULL = YES;
				CLANG_ANALYZER_NUMBER_OBJECT_CONVERSION = YES_AGGRESSIVE;
				CLANG_CXX_LANGUAGE_STANDARD = "gnu++17";
				CLANG_CXX_LIBRARY = "libc++";
				CLANG_ENABLE_MODULES = YES;
				CLANG_ENABLE_OBJC_ARC = YES;
				CLANG_ENABLE_OBJC_WEAK = YES;
				CLANG_WARN_BLOCK_CAPTURE_AUTORELEASING = YES;
				CLANG_WARN_BOOL_CONVERSION = YES;
				CLANG_WARN_COMMA = YES;
				CLANG_WARN_CONSTANT_CONVERSION = YES;
				CLANG_WARN_DEPRECATED_OBJC_IMPLEMENTATIONS = YES;
				CLANG_WARN_DIRECT_OBJC_ISA_USAGE = YES_ERROR;
				CLANG_WARN_DOCUMENTATION_COMMENTS = YES;
				CLANG_WARN_EMPTY_BODY = YES;
				CLANG_WARN_ENUM_CONVERSION = YES;
				CLANG_WARN_INFINITE_RECURSION = YES;
				CLANG_WARN_INT_CONVERSION = YES;
				CLANG_WARN_NON_LITERAL_NULL_CONVERSION = YES;
				CLANG_WARN_OBJC_IMPLICIT_RETAIN_SELF = YES;
				CLANG_WARN_OBJC_LITERAL_CONVERSION = YES;
				CLANG_WARN_OBJC_ROOT_CLASS = YES_ERROR;
				CLANG_WARN_QUOTED_INCLUDE_IN_FRAMEWORK_HEADER = YES;
				CLANG_WARN_RANGE_LOOP_ANALYSIS = YES;
				CLANG_WARN_STRICT_PROTOTYPES = YES;
				CLANG_WARN_SUSPICIOUS_MOVE = YES;
				CLANG_WARN_UNGUARDED_AVAILABILITY = YES_AGGRESSIVE;
				CLANG_WARN_UNREACHABLE_CODE = YES;
				CLANG_WARN__DUPLICATE_METHOD_MATCH = YES;
				COPY_PHASE_STRIP = NO;
				DEBUG_INFORMATION_FORMAT = "dwarf-with-dsym";
				ENABLE_NS_ASSERTIONS = NO;
				ENABLE_STRICT_OBJC_MSGSEND = YES;
				GCC_C_LANGUAGE_STANDARD = gnu11;
				GCC_NO_COMMON_BLOCKS = YES;
				GCC_WARN_64_TO_32_BIT_CONVERSION = YES;
				GCC_WARN_ABOUT_RETURN_TYPE = YES_ERROR;
				GCC_WARN_UNDECLARED_SELECTOR = YES;
				GCC_WARN_UNINITIALIZED_AUTOS = YES_AGGRESSIVE;
				GCC_WARN_UNUSED_FUNCTION = YES;
				GCC_WARN_UNUSED_VARIABLE = YES;
				IPHONEOS_DEPLOYMENT_TARGET = 13.0;
				MTL_ENABLE_DEBUG_INFO = NO;
				MTL_FAST_MATH = YES;
				SDKROOT = iphoneos;
				SWIFT_COMPILATION_MODE = wholemodule;
				SWIFT_OPTIMIZATION_LEVEL = "-O";
				VALIDATE_PRODUCT = YES;
			};
			name = Release;
		};
		97C7363828B61B42006FC9B5 /* Debug */ = {
			isa = XCBuildConfiguration;
			buildSettings = {
				ASSETCATALOG_COMPILER_APPICON_NAME = AppIcon;
				ASSETCATALOG_COMPILER_GLOBAL_ACCENT_COLOR_NAME = AccentColor;
				CODE_SIGN_STYLE = Automatic;
				CURRENT_PROJECT_VERSION = 1;
				DEVELOPMENT_TEAM = A3U43FT35S;
				GENERATE_INFOPLIST_FILE = YES;
				INFOPLIST_FILE = MusicPlayApp/Application/Info.plist;
				INFOPLIST_KEY_UIApplicationSupportsIndirectInputEvents = YES;
				INFOPLIST_KEY_UILaunchStoryboardName = LaunchScreen;
				INFOPLIST_KEY_UISupportedInterfaceOrientations_iPad = "UIInterfaceOrientationPortrait UIInterfaceOrientationPortraitUpsideDown UIInterfaceOrientationLandscapeLeft UIInterfaceOrientationLandscapeRight";
				INFOPLIST_KEY_UISupportedInterfaceOrientations_iPhone = "UIInterfaceOrientationPortrait UIInterfaceOrientationLandscapeLeft UIInterfaceOrientationLandscapeRight";
				LD_RUNPATH_SEARCH_PATHS = (
					"$(inherited)",
					"@executable_path/Frameworks",
				);
				MARKETING_VERSION = 1.0;
				PRODUCT_BUNDLE_IDENTIFIER = musicPlayer.MusicPlayApp;
				PRODUCT_NAME = "$(TARGET_NAME)";
				SWIFT_EMIT_LOC_STRINGS = YES;
				SWIFT_VERSION = 5.0;
				TARGETED_DEVICE_FAMILY = "1,2";
			};
			name = Debug;
		};
		97C7363928B61B42006FC9B5 /* Release */ = {
			isa = XCBuildConfiguration;
			buildSettings = {
				ASSETCATALOG_COMPILER_APPICON_NAME = AppIcon;
				ASSETCATALOG_COMPILER_GLOBAL_ACCENT_COLOR_NAME = AccentColor;
				CODE_SIGN_STYLE = Automatic;
				CURRENT_PROJECT_VERSION = 1;
				DEVELOPMENT_TEAM = A3U43FT35S;
				GENERATE_INFOPLIST_FILE = YES;
				INFOPLIST_FILE = MusicPlayApp/Application/Info.plist;
				INFOPLIST_KEY_UIApplicationSupportsIndirectInputEvents = YES;
				INFOPLIST_KEY_UILaunchStoryboardName = LaunchScreen;
				INFOPLIST_KEY_UISupportedInterfaceOrientations_iPad = "UIInterfaceOrientationPortrait UIInterfaceOrientationPortraitUpsideDown UIInterfaceOrientationLandscapeLeft UIInterfaceOrientationLandscapeRight";
				INFOPLIST_KEY_UISupportedInterfaceOrientations_iPhone = "UIInterfaceOrientationPortrait UIInterfaceOrientationLandscapeLeft UIInterfaceOrientationLandscapeRight";
				LD_RUNPATH_SEARCH_PATHS = (
					"$(inherited)",
					"@executable_path/Frameworks",
				);
				MARKETING_VERSION = 1.0;
				PRODUCT_BUNDLE_IDENTIFIER = musicPlayer.MusicPlayApp;
				PRODUCT_NAME = "$(TARGET_NAME)";
				SWIFT_EMIT_LOC_STRINGS = YES;
				SWIFT_VERSION = 5.0;
				TARGETED_DEVICE_FAMILY = "1,2";
			};
			name = Release;
		};
/* End XCBuildConfiguration section */

/* Begin XCConfigurationList section */
		97C7361E28B61B3E006FC9B5 /* Build configuration list for PBXProject "MusicPlayApp" */ = {
			isa = XCConfigurationList;
			buildConfigurations = (
				97C7363528B61B42006FC9B5 /* Debug */,
				97C7363628B61B42006FC9B5 /* Release */,
			);
			defaultConfigurationIsVisible = 0;
			defaultConfigurationName = Release;
		};
		97C7363728B61B42006FC9B5 /* Build configuration list for PBXNativeTarget "MusicPlayApp" */ = {
			isa = XCConfigurationList;
			buildConfigurations = (
				97C7363828B61B42006FC9B5 /* Debug */,
				97C7363928B61B42006FC9B5 /* Release */,
			);
			defaultConfigurationIsVisible = 0;
			defaultConfigurationName = Release;
		};
/* End XCConfigurationList section */

/* Begin XCRemoteSwiftPackageReference section */
		97C7364228B63849006FC9B5 /* XCRemoteSwiftPackageReference "Alamofire" */ = {
			isa = XCRemoteSwiftPackageReference;
			repositoryURL = "https://github.com/Alamofire/Alamofire.git";
			requirement = {
				kind = upToNextMajorVersion;
				minimumVersion = 5.0.0;
			};
		};
		97D51D8128B7865E007167CE /* XCRemoteSwiftPackageReference "SDWebImage" */ = {
			isa = XCRemoteSwiftPackageReference;
			repositoryURL = "https://github.com/SDWebImage/SDWebImage";
			requirement = {
				kind = upToNextMajorVersion;
				minimumVersion = 5.0.0;
			};
		};
		97F8217B28BA301C00007EDD /* XCRemoteSwiftPackageReference "url-image" */ = {
			isa = XCRemoteSwiftPackageReference;
			repositoryURL = "https://github.com/dmytro-anokhin/url-image";
			requirement = {
				kind = upToNextMajorVersion;
				minimumVersion = 3.0.0;
			};
		};
/* End XCRemoteSwiftPackageReference section */

/* Begin XCSwiftPackageProductDependency section */
		97C7364328B63849006FC9B5 /* Alamofire */ = {
			isa = XCSwiftPackageProductDependency;
			package = 97C7364228B63849006FC9B5 /* XCRemoteSwiftPackageReference "Alamofire" */;
			productName = Alamofire;
		};
		97D51D8228B7865E007167CE /* SDWebImage */ = {
			isa = XCSwiftPackageProductDependency;
			package = 97D51D8128B7865E007167CE /* XCRemoteSwiftPackageReference "SDWebImage" */;
			productName = SDWebImage;
		};
		97F8217C28BA301C00007EDD /* URLImage */ = {
			isa = XCSwiftPackageProductDependency;
			package = 97F8217B28BA301C00007EDD /* XCRemoteSwiftPackageReference "url-image" */;
			productName = URLImage;
		};
/* End XCSwiftPackageProductDependency section */
	};
	rootObject = 97C7361B28B61B3E006FC9B5 /* Project object */;
}
